
Microsoft Visual Studio Solution File, Format Version 12.00
# Visual Studio Version 17
VisualStudioVersion = 17.10.35027.167
MinimumVisualStudioVersion = 10.0.40219.1
Project("{FAE04EC0-301F-11D3-BF4B-00C04F79EFBC}") = "SocialMediaApplication", "SocialMediaApplication\SocialMediaApplication.csproj", "{EE7A0DD3-F6F5-48BB-A5B1-4965C00B11F0}"
EndProject
Global
	GlobalSection(SolutionConfigurationPlatforms) = preSolution
		Debug|Any CPU = Debug|Any CPU
		Release|Any CPU = Release|Any CPU
	EndGlobalSection
	GlobalSection(ProjectConfigurationPlatforms) = postSolution
		{EE7A0DD3-F6F5-48BB-A5B1-4965C00B11F0}.Debug|Any CPU.ActiveCfg = Debug|Any CPU
		{EE7A0DD3-F6F5-48BB-A5B1-4965C00B11F0}.Debug|Any CPU.Build.0 = Debug|Any CPU
		{EE7A0DD3-F6F5-48BB-A5B1-4965C00B11F0}.Release|Any CPU.ActiveCfg = Release|Any CPU
		{EE7A0DD3-F6F5-48BB-A5B1-4965C00B11F0}.Release|Any CPU.Build.0 = Release|Any CPU
	EndGlobalSection
	GlobalSection(SolutionProperties) = preSolution
		HideSolutionNode = FALSE
	EndGlobalSection
	GlobalSection(ExtensibilityGlobals) = postSolution
		SolutionGuid = {0D0E2CD6-4B5E-430C-906D-B2D5CE931DB9}
	EndGlobalSection
EndGlobal
